
Microsoft Visual Studio Solution File, Format Version 12.00
# Visual Studio Version 17
VisualStudioVersion = 17.7.34031.279
MinimumVisualStudioVersion = 10.0.40219.1
Project("{FAE04EC0-301F-11D3-BF4B-00C04F79EFBC}") = "Assignment2", "Assignment2\Assignment2.csproj", "{0CC313CE-DE76-4C9D-A531-1B4CB5AA2600}"
EndProject
Global
	GlobalSection(SolutionConfigurationPlatforms) = preSolution
		Debug|Any CPU = Debug|Any CPU
		Release|Any CPU = Release|Any CPU
	EndGlobalSection
	GlobalSection(ProjectConfigurationPlatforms) = postSolution
		{0CC313CE-DE76-4C9D-A531-1B4CB5AA2600}.Debug|Any CPU.ActiveCfg = Debug|Any CPU
		{0CC313CE-DE76-4C9D-A531-1B4CB5AA2600}.Debug|Any CPU.Build.0 = Debug|Any CPU
		{0CC313CE-DE76-4C9D-A531-1B4CB5AA2600}.Release|Any CPU.ActiveCfg = Release|Any CPU
		{0CC313CE-DE76-4C9D-A531-1B4CB5AA2600}.Release|Any CPU.Build.0 = Release|Any CPU
	EndGlobalSection
	GlobalSection(SolutionProperties) = preSolution
		HideSolutionNode = FALSE
	EndGlobalSection
	GlobalSection(ExtensibilityGlobals) = postSolution
		SolutionGuid = {FE432454-815F-4EE8-ADBF-64224D52C559}
	EndGlobalSection
EndGlobal
